
Microsoft Visual Studio Solution File, Format Version 12.00
# Visual Studio 15
VisualStudioVersion = 15.0.28010.2046
MinimumVisualStudioVersion = 10.0.40219.1
Project("{FAE04EC0-301F-11D3-BF4B-00C04F79EFBC}") = "Morgengry", "Morgengry\Morgengry.csproj", "{88637F77-F567-43D1-9CE1-1C14889B2115}"
EndProject
Project("{FAE04EC0-301F-11D3-BF4B-00C04F79EFBC}") = "UnitTestProject1", "UnitTestProject1\UnitTestProject1.csproj", "{52FE4CEE-68DA-43A3-BBB5-D49FDD8C83F9}"
EndProject
Global
	GlobalSection(SolutionConfigurationPlatforms) = preSolution
		Debug|Any CPU = Debug|Any CPU
		Release|Any CPU = Release|Any CPU
	EndGlobalSection
	GlobalSection(ProjectConfigurationPlatforms) = postSolution
		{88637F77-F567-43D1-9CE1-1C14889B2115}.Debug|Any CPU.ActiveCfg = Debug|Any CPU
		{88637F77-F567-43D1-9CE1-1C14889B2115}.Debug|Any CPU.Build.0 = Debug|Any CPU
		{88637F77-F567-43D1-9CE1-1C14889B2115}.Release|Any CPU.ActiveCfg = Release|Any CPU
		{88637F77-F567-43D1-9CE1-1C14889B2115}.Release|Any CPU.Build.0 = Release|Any CPU
		{52FE4CEE-68DA-43A3-BBB5-D49FDD8C83F9}.Debug|Any CPU.ActiveCfg = Debug|Any CPU
		{52FE4CEE-68DA-43A3-BBB5-D49FDD8C83F9}.Debug|Any CPU.Build.0 = Debug|Any CPU
		{52FE4CEE-68DA-43A3-BBB5-D49FDD8C83F9}.Release|Any CPU.ActiveCfg = Release|Any CPU
		{52FE4CEE-68DA-43A3-BBB5-D49FDD8C83F9}.Release|Any CPU.Build.0 = Release|Any CPU
	EndGlobalSection
	GlobalSection(SolutionProperties) = preSolution
		HideSolutionNode = FALSE
	EndGlobalSection
	GlobalSection(ExtensibilityGlobals) = postSolution
		SolutionGuid = {7C448856-9F36-4C41-9674-944E0EDC4A43}
	EndGlobalSection
EndGlobal
